{
  "name": "sygefor3",
  "version": "1.0.0",
  "dependencies": {
    "Select2": {
      "version": "3.4.8",
      "from": "git://github.com/ivaynberg/select2.git#3.4.8",
      "resolved": "git://github.com/ivaynberg/select2.git#b5f3b2839c48c53f9641d6bb1bccafc5260c7620"
    },
    "X-editable": {
      "version": "1.5.1",
      "from": "git://github.com/vitalets/x-editable.git#1.5.1",
      "resolved": "git://github.com/vitalets/x-editable.git#f32802f48a33b8a7ec9cca32eec4ca844b7d39b2"
    },
    "angular-growl": {
      "version": "0.4.0",
      "from": "git://github.com/marcorinck/angular-growl.git#v0.4.0",
      "resolved": "git://github.com/marcorinck/angular-growl.git#9eb745aeeeca8f600e0e6afea9a88bb488940cfa"
    },
    "angular-hotkeys": {
      "version": "1.4.5",
      "from": "angular-hotkeys@>=1.4.5 <1.5.0",
      "resolved": "https://registry.npmjs.org/angular-hotkeys/-/angular-hotkeys-1.4.5.tgz"
    },
    "angular-loading-bar": {
      "version": "0.3.0",
      "from": "angular-loading-bar@>=0.3.0 <0.4.0",
      "resolved": "https://registry.npmjs.org/angular-loading-bar/-/angular-loading-bar-0.3.0.tgz"
    },
    "angular-ui-bootstrap": {
      "version": "0.12.1",
      "from": "angular-ui-bootstrap@>=0.12.1 <0.13.0",
      "resolved": "https://registry.npmjs.org/angular-ui-bootstrap/-/angular-ui-bootstrap-0.12.1.tgz",
      "dependencies": {
        "angular": {
          "version": "1.2.31",
          "from": "angular@>=1.0.0 <1.3.0",
          "resolved": "https://registry.npmjs.org/angular/-/angular-1.2.31.tgz"
        }
      }
    },
    "angular-ui-router": {
      "version": "0.2.10",
      "from": "angular-ui-router@0.2.10",
      "resolved": "https://registry.npmjs.org/angular-ui-router/-/angular-ui-router-0.2.10.tgz"
    },
    "angular-ui-select2": {
      "version": "0.0.5",
      "from": "git://github.com/angular-ui/ui-select2.git#v0.0.5",
      "resolved": "git://github.com/angular-ui/ui-select2.git#fb5a7c4abef68b98445e4ea1a0232905a407757d"
    },
    "angular-zeroclipboard": {
      "version": "0.8.0",
      "from": "git://github.com/lisposter/angular-zeroclipboard.git#v0.8.0",
      "resolved": "git://github.com/lisposter/angular-zeroclipboard.git#5f345d6d18b37db44e02d3bd472dc471aba668ab"
    },
    "angularjssearchbox": {
      "version": "0.1.0",
      "from": "git://github.com/conjecto/angular-searchbox.git",
      "resolved": "git://github.com/conjecto/angular-searchbox.git#7aeb9d82c5ad9f9432cdbd61b0bca275af92fbec"
    },
    "autosize": {
      "version": "3.0.15",
      "from": "git://github.com/jackmoore/autosize.git#3.0.15",
      "resolved": "git://github.com/jackmoore/autosize.git#1e94f8aa0e6dfa7b52217bd4527e1dfdf38ed364"
    },
    "blueimp-file-upload": {
      "version": "9.5.8",
      "from": "git://github.com/blueimp/jQuery-File-Upload.git#9.5.8",
      "resolved": "git://github.com/blueimp/jQuery-File-Upload.git#6f1c44fa99afb875b8b02d50bec0b08694cd162d"
    },
    "bootstrap": {
      "version": "3.3.7",
      "from": "bootstrap@>=3.3.6 <4.0.0",
      "resolved": "https://registry.npmjs.org/bootstrap/-/bootstrap-3.3.7.tgz"
    },
    "bootstrap-datepicker": {
      "version": "1.6.4",
      "from": "bootstrap-datepicker@>=1.6.1 <2.0.0",
      "resolved": "https://registry.npmjs.org/bootstrap-datepicker/-/bootstrap-datepicker-1.6.4.tgz"
    },
    "bootstrap-sass": {
      "version": "3.3.7",
      "from": "bootstrap-sass@>=3.3.6 <4.0.0",
      "resolved": "https://registry.npmjs.org/bootstrap-sass/-/bootstrap-sass-3.3.7.tgz"
    },
    "checklist-model": {
      "version": "0.2.4",
      "from": "checklist-model@0.2.4",
      "resolved": "https://registry.npmjs.org/checklist-model/-/checklist-model-0.2.4.tgz"
    },
    "font-awesome": {
      "version": "4.1.0",
      "from": "font-awesome@4.1.0",
      "resolved": "https://registry.npmjs.org/font-awesome/-/font-awesome-4.1.0.tgz"
    },
    "jquery": {
      "version": "2.1.4",
      "from": "jquery@>=2.1.4 <2.2.0",
      "resolved": "https://registry.npmjs.org/jquery/-/jquery-2.1.4.tgz"
    },
    "jquery-slimscroll": {
      "version": "1.3.8",
      "from": "jquery-slimscroll@>=1.3.8 <2.0.0",
      "resolved": "https://registry.npmjs.org/jquery-slimscroll/-/jquery-slimscroll-1.3.8.tgz"
    },
    "moment": {
      "version": "2.5.1",
      "from": "moment@2.5.1",
      "resolved": "https://registry.npmjs.org/moment/-/moment-2.5.1.tgz"
    },
    "ngstorage": {
      "version": "0.3.11",
      "from": "ngstorage@>=0.3.11 <0.4.0",
      "resolved": "https://registry.npmjs.org/ngstorage/-/ngstorage-0.3.11.tgz"
    },
    "timepicker": {
      "version": "1.11.1",
      "from": "git://github.com/jonthornton/jquery-timepicker.git#1.11.1",
      "resolved": "git://github.com/jonthornton/jquery-timepicker.git#5de5fcd16f8476f6a0a8d5dc89e6f3f209a85d10"
    },
    "zeroclipboard": {
      "version": "2.1.6",
      "from": "zeroclipboard@>=2.1.6 <2.2.0",
      "resolved": "https://registry.npmjs.org/zeroclipboard/-/zeroclipboard-2.1.6.tgz",
      "dependencies": {
        "send": {
          "version": "0.14.1",
          "from": "send@>=0.0.0 <1.0.0",
          "resolved": "https://registry.npmjs.org/send/-/send-0.14.1.tgz",
          "dependencies": {
            "debug": {
              "version": "2.2.0",
              "from": "debug@>=2.2.0 <2.3.0",
              "resolved": "https://registry.npmjs.org/debug/-/debug-2.2.0.tgz"
            },
            "depd": {
              "version": "1.1.0",
              "from": "depd@>=1.1.0 <1.2.0",
              "resolved": "https://registry.npmjs.org/depd/-/depd-1.1.0.tgz"
            },
            "destroy": {
              "version": "1.0.4",
              "from": "destroy@>=1.0.4 <1.1.0",
              "resolved": "https://registry.npmjs.org/destroy/-/destroy-1.0.4.tgz"
            },
            "encodeurl": {
              "version": "1.0.1",
              "from": "encodeurl@>=1.0.1 <1.1.0",
              "resolved": "https://registry.npmjs.org/encodeurl/-/encodeurl-1.0.1.tgz"
            },
            "escape-html": {
              "version": "1.0.3",
              "from": "escape-html@>=1.0.3 <1.1.0",
              "resolved": "https://registry.npmjs.org/escape-html/-/escape-html-1.0.3.tgz"
            },
            "etag": {
              "version": "1.7.0",
              "from": "etag@>=1.7.0 <1.8.0",
              "resolved": "https://registry.npmjs.org/etag/-/etag-1.7.0.tgz"
            },
            "fresh": {
              "version": "0.3.0",
              "from": "fresh@0.3.0",
              "resolved": "https://registry.npmjs.org/fresh/-/fresh-0.3.0.tgz"
            },
            "http-errors": {
              "version": "1.5.0",
              "from": "http-errors@>=1.5.0 <1.6.0",
              "resolved": "https://registry.npmjs.org/http-errors/-/http-errors-1.5.0.tgz",
              "dependencies": {
                "inherits": {
                  "version": "2.0.1",
                  "from": "inherits@2.0.1",
                  "resolved": "https://registry.npmjs.org/inherits/-/inherits-2.0.1.tgz"
                },
                "setprototypeof": {
                  "version": "1.0.1",
                  "from": "setprototypeof@1.0.1",
                  "resolved": "https://registry.npmjs.org/setprototypeof/-/setprototypeof-1.0.1.tgz"
                }
              }
            },
            "mime": {
              "version": "1.3.4",
              "from": "mime@1.3.4",
              "resolved": "https://registry.npmjs.org/mime/-/mime-1.3.4.tgz"
            },
            "ms": {
              "version": "0.7.1",
              "from": "ms@0.7.1",
              "resolved": "https://registry.npmjs.org/ms/-/ms-0.7.1.tgz"
            },
            "on-finished": {
              "version": "2.3.0",
              "from": "on-finished@>=2.3.0 <2.4.0",
              "resolved": "https://registry.npmjs.org/on-finished/-/on-finished-2.3.0.tgz",
              "dependencies": {
                "ee-first": {
                  "version": "1.1.1",
                  "from": "ee-first@1.1.1",
                  "resolved": "https://registry.npmjs.org/ee-first/-/ee-first-1.1.1.tgz"
                }
              }
            },
            "range-parser": {
              "version": "1.2.0",
              "from": "range-parser@>=1.2.0 <1.3.0",
              "resolved": "https://registry.npmjs.org/range-parser/-/range-parser-1.2.0.tgz"
            },
            "statuses": {
              "version": "1.3.0",
              "from": "statuses@>=1.3.0 <1.4.0",
              "resolved": "https://registry.npmjs.org/statuses/-/statuses-1.3.0.tgz"
            }
          }
        }
      }
    }
  }
}
